
Microsoft Visual Studio Solution File, Format Version 12.00
# Visual Studio 2013
VisualStudioVersion = 12.0.30723.0
MinimumVisualStudioVersion = 10.0.40219.1
Project("{FAE04EC0-301F-11D3-BF4B-00C04F79EFBC}") = "BasicStorageOperation", "BasicStorageOperation.csproj", "{3DB61ECC-10C2-4076-A087-EBF2B98BD8A4}"
EndProject
Project("{FAE04EC0-301F-11D3-BF4B-00C04F79EFBC}") = "StorageQueues.Receiver", "..\StorageQueues.Receiver\StorageQueues.Receiver.csproj", "{871CB1B9-A2DF-4A9E-8F85-AB742BFD1DC8}"
EndProject
Project("{FAE04EC0-301F-11D3-BF4B-00C04F79EFBC}") = "StorageQueues.Sender", "StorageQueues.Sender\StorageQueues.Sender.csproj", "{FFE30DD6-06F2-49EE-9858-3E7F97276163}"
EndProject
Global
	GlobalSection(SolutionConfigurationPlatforms) = preSolution
		Debug|Any CPU = Debug|Any CPU
		Release|Any CPU = Release|Any CPU
	EndGlobalSection
	GlobalSection(ProjectConfigurationPlatforms) = postSolution
		{3DB61ECC-10C2-4076-A087-EBF2B98BD8A4}.Debug|Any CPU.ActiveCfg = Debug|Any CPU
		{3DB61ECC-10C2-4076-A087-EBF2B98BD8A4}.Debug|Any CPU.Build.0 = Debug|Any CPU
		{3DB61ECC-10C2-4076-A087-EBF2B98BD8A4}.Release|Any CPU.ActiveCfg = Release|Any CPU
		{3DB61ECC-10C2-4076-A087-EBF2B98BD8A4}.Release|Any CPU.Build.0 = Release|Any CPU
		{871CB1B9-A2DF-4A9E-8F85-AB742BFD1DC8}.Debug|Any CPU.ActiveCfg = Debug|Any CPU
		{871CB1B9-A2DF-4A9E-8F85-AB742BFD1DC8}.Debug|Any CPU.Build.0 = Debug|Any CPU
		{871CB1B9-A2DF-4A9E-8F85-AB742BFD1DC8}.Release|Any CPU.ActiveCfg = Release|Any CPU
		{871CB1B9-A2DF-4A9E-8F85-AB742BFD1DC8}.Release|Any CPU.Build.0 = Release|Any CPU
		{FFE30DD6-06F2-49EE-9858-3E7F97276163}.Debug|Any CPU.ActiveCfg = Debug|Any CPU
		{FFE30DD6-06F2-49EE-9858-3E7F97276163}.Debug|Any CPU.Build.0 = Debug|Any CPU
		{FFE30DD6-06F2-49EE-9858-3E7F97276163}.Release|Any CPU.ActiveCfg = Release|Any CPU
		{FFE30DD6-06F2-49EE-9858-3E7F97276163}.Release|Any CPU.Build.0 = Release|Any CPU
	EndGlobalSection
	GlobalSection(SolutionProperties) = preSolution
		HideSolutionNode = FALSE
	EndGlobalSection
EndGlobal
